
Microsoft Visual Studio Solution File, Format Version 12.00
# Visual Studio 15
VisualStudioVersion = 15.0.27130.2003
MinimumVisualStudioVersion = 10.0.40219.1
Project("{FAE04EC0-301F-11D3-BF4B-00C04F79EFBC}") = "MYOBRun", "MYOBRun\MYOBRun.csproj", "{C38E5706-3432-4E2D-A0C0-8A47E18B67C2}"
EndProject
Project("{FAE04EC0-301F-11D3-BF4B-00C04F79EFBC}") = "CSVOps", "CSVOps\CSVOps.csproj", "{2B4285F4-CEDE-43D4-AA2E-6F270942BE56}"
EndProject
Project("{FAE04EC0-301F-11D3-BF4B-00C04F79EFBC}") = "LoggerService", "LoggerService\LoggerService.csproj", "{A16413B9-668A-4DEB-ACC8-B885D45B0940}"
EndProject
Project("{FAE04EC0-301F-11D3-BF4B-00C04F79EFBC}") = "PayRollCalculation", "PayRollCalculation\PayRollCalculation.csproj", "{9D84C266-1F20-47E2-B050-BCDA586BC0E9}"
EndProject
Project("{FAE04EC0-301F-11D3-BF4B-00C04F79EFBC}") = "CSVStrategy", "CSVStrategy\CSVStrategy.csproj", "{D4832299-7952-4B17-A2BA-E720707F1FBD}"
EndProject
Global
	GlobalSection(SolutionConfigurationPlatforms) = preSolution
		Debug|Any CPU = Debug|Any CPU
		Release|Any CPU = Release|Any CPU
	EndGlobalSection
	GlobalSection(ProjectConfigurationPlatforms) = postSolution
		{C38E5706-3432-4E2D-A0C0-8A47E18B67C2}.Debug|Any CPU.ActiveCfg = Debug|Any CPU
		{C38E5706-3432-4E2D-A0C0-8A47E18B67C2}.Debug|Any CPU.Build.0 = Debug|Any CPU
		{C38E5706-3432-4E2D-A0C0-8A47E18B67C2}.Release|Any CPU.ActiveCfg = Release|Any CPU
		{C38E5706-3432-4E2D-A0C0-8A47E18B67C2}.Release|Any CPU.Build.0 = Release|Any CPU
		{2B4285F4-CEDE-43D4-AA2E-6F270942BE56}.Debug|Any CPU.ActiveCfg = Debug|Any CPU
		{2B4285F4-CEDE-43D4-AA2E-6F270942BE56}.Debug|Any CPU.Build.0 = Debug|Any CPU
		{2B4285F4-CEDE-43D4-AA2E-6F270942BE56}.Release|Any CPU.ActiveCfg = Release|Any CPU
		{2B4285F4-CEDE-43D4-AA2E-6F270942BE56}.Release|Any CPU.Build.0 = Release|Any CPU
		{A16413B9-668A-4DEB-ACC8-B885D45B0940}.Debug|Any CPU.ActiveCfg = Debug|Any CPU
		{A16413B9-668A-4DEB-ACC8-B885D45B0940}.Debug|Any CPU.Build.0 = Debug|Any CPU
		{A16413B9-668A-4DEB-ACC8-B885D45B0940}.Release|Any CPU.ActiveCfg = Release|Any CPU
		{A16413B9-668A-4DEB-ACC8-B885D45B0940}.Release|Any CPU.Build.0 = Release|Any CPU
		{9D84C266-1F20-47E2-B050-BCDA586BC0E9}.Debug|Any CPU.ActiveCfg = Debug|Any CPU
		{9D84C266-1F20-47E2-B050-BCDA586BC0E9}.Debug|Any CPU.Build.0 = Debug|Any CPU
		{9D84C266-1F20-47E2-B050-BCDA586BC0E9}.Release|Any CPU.ActiveCfg = Release|Any CPU
		{9D84C266-1F20-47E2-B050-BCDA586BC0E9}.Release|Any CPU.Build.0 = Release|Any CPU
		{D4832299-7952-4B17-A2BA-E720707F1FBD}.Debug|Any CPU.ActiveCfg = Debug|Any CPU
		{D4832299-7952-4B17-A2BA-E720707F1FBD}.Debug|Any CPU.Build.0 = Debug|Any CPU
		{D4832299-7952-4B17-A2BA-E720707F1FBD}.Release|Any CPU.ActiveCfg = Release|Any CPU
		{D4832299-7952-4B17-A2BA-E720707F1FBD}.Release|Any CPU.Build.0 = Release|Any CPU
	EndGlobalSection
	GlobalSection(SolutionProperties) = preSolution
		HideSolutionNode = FALSE
	EndGlobalSection
	GlobalSection(ExtensibilityGlobals) = postSolution
		SolutionGuid = {63147411-9C9F-4FF1-9E97-A0190E0F90BB}
	EndGlobalSection
EndGlobal
